// !$*UTF8*$!
{
	archiveVersion = 1;
	classes = {
	};
	objectVersion = 55;
	objects = {

/* Begin PBXBuildFile section */
		55D5860028EEC8E8005DB2DB /* AppDelegate.swift in Sources */ = {isa = PBXBuildFile; fileRef = 55D585FF28EEC8E8005DB2DB /* AppDelegate.swift */; };
		55D5860228EEC8E8005DB2DB /* SceneDelegate.swift in Sources */ = {isa = PBXBuildFile; fileRef = 55D5860128EEC8E8005DB2DB /* SceneDelegate.swift */; };
		55D5860428EEC8E8005DB2DB /* TabBarController.swift in Sources */ = {isa = PBXBuildFile; fileRef = 55D5860328EEC8E8005DB2DB /* TabBarController.swift */; };
		55D5860728EEC8E8005DB2DB /* Main.storyboard in Resources */ = {isa = PBXBuildFile; fileRef = 55D5860528EEC8E8005DB2DB /* Main.storyboard */; };
		55D5860928EEC8EB005DB2DB /* Assets.xcassets in Resources */ = {isa = PBXBuildFile; fileRef = 55D5860828EEC8EB005DB2DB /* Assets.xcassets */; };
		55D5860C28EEC8EB005DB2DB /* LaunchScreen.storyboard in Resources */ = {isa = PBXBuildFile; fileRef = 55D5860A28EEC8EB005DB2DB /* LaunchScreen.storyboard */; };
		55D5863928EEDECE005DB2DB /* BuyViewController.swift in Sources */ = {isa = PBXBuildFile; fileRef = 55D5863828EEDECE005DB2DB /* BuyViewController.swift */; };
		55D5863B28EEDEDE005DB2DB /* ForYouViewController.swift in Sources */ = {isa = PBXBuildFile; fileRef = 55D5863A28EEDEDE005DB2DB /* ForYouViewController.swift */; };
		55D5863D28EEDEF0005DB2DB /* SearchViewController.swift in Sources */ = {isa = PBXBuildFile; fileRef = 55D5863C28EEDEF0005DB2DB /* SearchViewController.swift */; };
		55D5863F28EEDF10005DB2DB /* BasketViewController.swift in Sources */ = {isa = PBXBuildFile; fileRef = 55D5863E28EEDF10005DB2DB /* BasketViewController.swift */; };
		55D5864128EF0554005DB2DB /* DetaisViewController.swift in Sources */ = {isa = PBXBuildFile; fileRef = 55D5864028EF0554005DB2DB /* DetaisViewController.swift */; };
/* End PBXBuildFile section */

/* Begin PBXFileReference section */
		55D585FC28EEC8E8005DB2DB /* MiniApp.app */ = {isa = PBXFileReference; explicitFileType = wrapper.application; includeInIndex = 0; path = MiniApp.app; sourceTree = BUILT_PRODUCTS_DIR; };
		55D585FF28EEC8E8005DB2DB /* AppDelegate.swift */ = {isa = PBXFileReference; lastKnownFileType = sourcecode.swift; path = AppDelegate.swift; sourceTree = "<group>"; };
		55D5860128EEC8E8005DB2DB /* SceneDelegate.swift */ = {isa = PBXFileReference; lastKnownFileType = sourcecode.swift; path = SceneDelegate.swift; sourceTree = "<group>"; };
		55D5860328EEC8E8005DB2DB /* TabBarController.swift */ = {isa = PBXFileReference; lastKnownFileType = sourcecode.swift; path = TabBarController.swift; sourceTree = "<group>"; };
		55D5860628EEC8E8005DB2DB /* Base */ = {isa = PBXFileReference; lastKnownFileType = file.storyboard; name = Base; path = Base.lproj/Main.storyboard; sourceTree = "<group>"; };
		55D5860828EEC8EB005DB2DB /* Assets.xcassets */ = {isa = PBXFileReference; lastKnownFileType = folder.assetcatalog; path = Assets.xcassets; sourceTree = "<group>"; };
		55D5860B28EEC8EB005DB2DB /* Base */ = {isa = PBXFileReference; lastKnownFileType = file.storyboard; name = Base; path = Base.lproj/LaunchScreen.storyboard; sourceTree = "<group>"; };
		55D5860D28EEC8EB005DB2DB /* Info.plist */ = {isa = PBXFileReference; lastKnownFileType = text.plist.xml; path = Info.plist; sourceTree = "<group>"; };
		55D5863828EEDECE005DB2DB /* BuyViewController.swift */ = {isa = PBXFileReference; lastKnownFileType = sourcecode.swift; path = BuyViewController.swift; sourceTree = "<group>"; };
		55D5863A28EEDEDE005DB2DB /* ForYouViewController.swift */ = {isa = PBXFileReference; lastKnownFileType = sourcecode.swift; path = ForYouViewController.swift; sourceTree = "<group>"; };
		55D5863C28EEDEF0005DB2DB /* SearchViewController.swift */ = {isa = PBXFileReference; lastKnownFileType = sourcecode.swift; path = SearchViewController.swift; sourceTree = "<group>"; };
		55D5863E28EEDF10005DB2DB /* BasketViewController.swift */ = {isa = PBXFileReference; lastKnownFileType = sourcecode.swift; path = BasketViewController.swift; sourceTree = "<group>"; };
		55D5864028EF0554005DB2DB /* DetaisViewController.swift */ = {isa = PBXFileReference; lastKnownFileType = sourcecode.swift; path = DetaisViewController.swift; sourceTree = "<group>"; };
/* End PBXFileReference section */

/* Begin PBXFrameworksBuildPhase section */
		55D585F928EEC8E8005DB2DB /* Frameworks */ = {
			isa = PBXFrameworksBuildPhase;
			buildActionMask = 2147483647;
			files = (
			);
			runOnlyForDeploymentPostprocessing = 0;
		};
/* End PBXFrameworksBuildPhase section */

/* Begin PBXGroup section */
		558FA54628F0680300AE3775 /* VC */ = {
			isa = PBXGroup;
			children = (
				55D5863828EEDECE005DB2DB /* BuyViewController.swift */,
				55D5863A28EEDEDE005DB2DB /* ForYouViewController.swift */,
				55D5863C28EEDEF0005DB2DB /* SearchViewController.swift */,
				55D5864028EF0554005DB2DB /* DetaisViewController.swift */,
				55D5863E28EEDF10005DB2DB /* BasketViewController.swift */,
			);
			path = VC;
			sourceTree = "<group>";
		};
		55D585F328EEC8E8005DB2DB = {
			isa = PBXGroup;
			children = (
				55D585FE28EEC8E8005DB2DB /* MiniApp */,
				55D585FD28EEC8E8005DB2DB /* Products */,
			);
			sourceTree = "<group>";
		};
		55D585FD28EEC8E8005DB2DB /* Products */ = {
			isa = PBXGroup;
			children = (
				55D585FC28EEC8E8005DB2DB /* MiniApp.app */,
			);
			name = Products;
			sourceTree = "<group>";
		};
		55D585FE28EEC8E8005DB2DB /* MiniApp */ = {
			isa = PBXGroup;
			children = (
				55D585FF28EEC8E8005DB2DB /* AppDelegate.swift */,
				55D5860128EEC8E8005DB2DB /* SceneDelegate.swift */,
				55D5860328EEC8E8005DB2DB /* TabBarController.swift */,
				558FA54628F0680300AE3775 /* VC */,
				55D5860528EEC8E8005DB2DB /* Main.storyboard */,
				55D5860828EEC8EB005DB2DB /* Assets.xcassets */,
				55D5860A28EEC8EB005DB2DB /* LaunchScreen.storyboard */,
				55D5860D28EEC8EB005DB2DB /* Info.plist */,
			);
			path = MiniApp;
			sourceTree = "<group>";
		};
/* End PBXGroup section */

/* Begin PBXNativeTarget section */
		55D585FB28EEC8E8005DB2DB /* MiniApp */ = {
			isa = PBXNativeTarget;
			buildConfigurationList = 55D5861028EEC8EB005DB2DB /* Build configuration list for PBXNativeTarget "MiniApp" */;
			buildPhases = (
				55D585F828EEC8E8005DB2DB /* Sources */,
				55D585F928EEC8E8005DB2DB /* Frameworks */,
				55D585FA28EEC8E8005DB2DB /* Resources */,
				55D5863728EEDB03005DB2DB /* Swift Lint */,
			);
			buildRules = (
			);
			dependencies = (
			);
			name = MiniApp;
			productName = MiniApp;
			productReference = 55D585FC28EEC8E8005DB2DB /* MiniApp.app */;
			productType = "com.apple.product-type.application";
		};
/* End PBXNativeTarget section */

/* Begin PBXProject section */
		55D585F428EEC8E8005DB2DB /* Project object */ = {
			isa = PBXProject;
			attributes = {
				BuildIndependentTargetsInParallel = 1;
				LastSwiftUpdateCheck = 1330;
				LastUpgradeCheck = 1330;
				TargetAttributes = {
					55D585FB28EEC8E8005DB2DB = {
						CreatedOnToolsVersion = 13.3.1;
					};
				};
			};
			buildConfigurationList = 55D585F728EEC8E8005DB2DB /* Build configuration list for PBXProject "MiniApp" */;
			compatibilityVersion = "Xcode 13.0";
			developmentRegion = en;
			hasScannedForEncodings = 0;
			knownRegions = (
				en,
				Base,
			);
			mainGroup = 55D585F328EEC8E8005DB2DB;
			productRefGroup = 55D585FD28EEC8E8005DB2DB /* Products */;
			projectDirPath = "";
			projectRoot = "";
			targets = (
				55D585FB28EEC8E8005DB2DB /* MiniApp */,
			);
		};
/* End PBXProject section */

/* Begin PBXResourcesBuildPhase section */
		55D585FA28EEC8E8005DB2DB /* Resources */ = {
			isa = PBXResourcesBuildPhase;
			buildActionMask = 2147483647;
			files = (
				55D5860C28EEC8EB005DB2DB /* LaunchScreen.storyboard in Resources */,
				55D5860928EEC8EB005DB2DB /* Assets.xcassets in Resources */,
				55D5860728EEC8E8005DB2DB /* Main.storyboard in Resources */,
			);
			runOnlyForDeploymentPostprocessing = 0;
		};
/* End PBXResourcesBuildPhase section */

/* Begin PBXShellScriptBuildPhase section */
		55D5863728EEDB03005DB2DB /* Swift Lint */ = {
			isa = PBXShellScriptBuildPhase;
			buildActionMask = 2147483647;
			files = (
			);
			inputFileListPaths = (
			);
			inputPaths = (
			);
			name = "Swift Lint";
			outputFileListPaths = (
			);
			outputPaths = (
			);
			runOnlyForDeploymentPostprocessing = 0;
			shellPath = /bin/sh;
			shellScript = "if which swiftlint > /dev/null; then\n  swiftlint\nelse\n  echo \"warning: SwiftLint not installed, download from https://github.com/realm/SwiftLint\"\nfi\n";
		};
/* End PBXShellScriptBuildPhase section */

/* Begin PBXSourcesBuildPhase section */
		55D585F828EEC8E8005DB2DB /* Sources */ = {
			isa = PBXSourcesBuildPhase;
			buildActionMask = 2147483647;
			files = (
				55D5863D28EEDEF0005DB2DB /* SearchViewController.swift in Sources */,
				55D5860428EEC8E8005DB2DB /* TabBarController.swift in Sources */,
				55D5863F28EEDF10005DB2DB /* BasketViewController.swift in Sources */,
				55D5863928EEDECE005DB2DB /* BuyViewController.swift in Sources */,
				55D5860028EEC8E8005DB2DB /* AppDelegate.swift in Sources */,
				55D5863B28EEDEDE005DB2DB /* ForYouViewController.swift in Sources */,
				55D5864128EF0554005DB2DB /* DetaisViewController.swift in Sources */,
				55D5860228EEC8E8005DB2DB /* SceneDelegate.swift in Sources */,
			);
			runOnlyForDeploymentPostprocessing = 0;
		};
/* End PBXSourcesBuildPhase section */

/* Begin PBXVariantGroup section */
		55D5860528EEC8E8005DB2DB /* Main.storyboard */ = {
			isa = PBXVariantGroup;
			children = (
				55D5860628EEC8E8005DB2DB /* Base */,
			);
			name = Main.storyboard;
			sourceTree = "<group>";
		};
		55D5860A28EEC8EB005DB2DB /* LaunchScreen.storyboard */ = {
			isa = PBXVariantGroup;
			children = (
				55D5860B28EEC8EB005DB2DB /* Base */,
			);
			name = LaunchScreen.storyboard;
			sourceTree = "<group>";
		};
/* End PBXVariantGroup section */

/* Begin XCBuildConfiguration section */
		55D5860E28EEC8EB005DB2DB /* Debug */ = {
			isa = XCBuildConfiguration;
			buildSettings = {
				ALWAYS_SEARCH_USER_PATHS = NO;
				CLANG_ANALYZER_NONNULL = YES;
				CLANG_ANALYZER_NUMBER_OBJECT_CONVERSION = YES_AGGRESSIVE;
				CLANG_CXX_LANGUAGE_STANDARD = "gnu++17";
				CLANG_ENABLE_MODULES = YES;
				CLANG_ENABLE_OBJC_ARC = YES;
				CLANG_ENABLE_OBJC_WEAK = YES;
				CLANG_WARN_BLOCK_CAPTURE_AUTORELEASING = YES;
				CLANG_WARN_BOOL_CONVERSION = YES;
				CLANG_WARN_COMMA = YES;
				CLANG_WARN_CONSTANT_CONVERSION = YES;
				CLANG_WARN_DEPRECATED_OBJC_IMPLEMENTATIONS = YES;
				CLANG_WARN_DIRECT_OBJC_ISA_USAGE = YES_ERROR;
				CLANG_WARN_DOCUMENTATION_COMMENTS = YES;
				CLANG_WARN_EMPTY_BODY = YES;
				CLANG_WARN_ENUM_CONVERSION = YES;
				CLANG_WARN_INFINITE_RECURSION = YES;
				CLANG_WARN_INT_CONVERSION = YES;
				CLANG_WARN_NON_LITERAL_NULL_CONVERSION = YES;
				CLANG_WARN_OBJC_IMPLICIT_RETAIN_SELF = YES;
				CLANG_WARN_OBJC_LITERAL_CONVERSION = YES;
				CLANG_WARN_OBJC_ROOT_CLASS = YES_ERROR;
				CLANG_WARN_QUOTED_INCLUDE_IN_FRAMEWORK_HEADER = YES;
				CLANG_WARN_RANGE_LOOP_ANALYSIS = YES;
				CLANG_WARN_STRICT_PROTOTYPES = YES;
				CLANG_WARN_SUSPICIOUS_MOVE = YES;
				CLANG_WARN_UNGUARDED_AVAILABILITY = YES_AGGRESSIVE;
				CLANG_WARN_UNREACHABLE_CODE = YES;
				CLANG_WARN__DUPLICATE_METHOD_MATCH = YES;
				COPY_PHASE_STRIP = NO;
				DEBUG_INFORMATION_FORMAT = dwarf;
				ENABLE_STRICT_OBJC_MSGSEND = YES;
				ENABLE_TESTABILITY = YES;
				GCC_C_LANGUAGE_STANDARD = gnu11;
				GCC_DYNAMIC_NO_PIC = NO;
				GCC_NO_COMMON_BLOCKS = YES;
				GCC_OPTIMIZATION_LEVEL = 0;
				GCC_PREPROCESSOR_DEFINITIONS = (
					"DEBUG=1",
					"$(inherited)",
				);
				GCC_WARN_64_TO_32_BIT_CONVERSION = YES;
				GCC_WARN_ABOUT_RETURN_TYPE = YES_ERROR;
				GCC_WARN_UNDECLARED_SELECTOR = YES;
				GCC_WARN_UNINITIALIZED_AUTOS = YES_AGGRESSIVE;
				GCC_WARN_UNUSED_FUNCTION = YES;
				GCC_WARN_UNUSED_VARIABLE = YES;
				IPHONEOS_DEPLOYMENT_TARGET = 15.4;
				MTL_ENABLE_DEBUG_INFO = INCLUDE_SOURCE;
				MTL_FAST_MATH = YES;
				ONLY_ACTIVE_ARCH = YES;
				SDKROOT = iphoneos;
				SWIFT_ACTIVE_COMPILATION_CONDITIONS = DEBUG;
				SWIFT_OPTIMIZATION_LEVEL = "-Onone";
			};
			name = Debug;
		};
		55D5860F28EEC8EB005DB2DB /* Release */ = {
			isa = XCBuildConfiguration;
			buildSettings = {
				ALWAYS_SEARCH_USER_PATHS = NO;
				CLANG_ANALYZER_NONNULL = YES;
				CLANG_ANALYZER_NUMBER_OBJECT_CONVERSION = YES_AGGRESSIVE;
				CLANG_CXX_LANGUAGE_STANDARD = "gnu++17";
				CLANG_ENABLE_MODULES = YES;
				CLANG_ENABLE_OBJC_ARC = YES;
				CLANG_ENABLE_OBJC_WEAK = YES;
				CLANG_WARN_BLOCK_CAPTURE_AUTORELEASING = YES;
				CLANG_WARN_BOOL_CONVERSION = YES;
				CLANG_WARN_COMMA = YES;
				CLANG_WARN_CONSTANT_CONVERSION = YES;
				CLANG_WARN_DEPRECATED_OBJC_IMPLEMENTATIONS = YES;
				CLANG_WARN_DIRECT_OBJC_ISA_USAGE = YES_ERROR;
				CLANG_WARN_DOCUMENTATION_COMMENTS = YES;
				CLANG_WARN_EMPTY_BODY = YES;
				CLANG_WARN_ENUM_CONVERSION = YES;
				CLANG_WARN_INFINITE_RECURSION = YES;
				CLANG_WARN_INT_CONVERSION = YES;
				CLANG_WARN_NON_LITERAL_NULL_CONVERSION = YES;
				CLANG_WARN_OBJC_IMPLICIT_RETAIN_SELF = YES;
				CLANG_WARN_OBJC_LITERAL_CONVERSION = YES;
				CLANG_WARN_OBJC_ROOT_CLASS = YES_ERROR;
				CLANG_WARN_QUOTED_INCLUDE_IN_FRAMEWORK_HEADER = YES;
				CLANG_WARN_RANGE_LOOP_ANALYSIS = YES;
				CLANG_WARN_STRICT_PROTOTYPES = YES;
				CLANG_WARN_SUSPICIOUS_MOVE = YES;
				CLANG_WARN_UNGUARDED_AVAILABILITY = YES_AGGRESSIVE;
				CLANG_WARN_UNREACHABLE_CODE = YES;
				CLANG_WARN__DUPLICATE_METHOD_MATCH = YES;
				COPY_PHASE_STRIP = NO;
				DEBUG_INFORMATION_FORMAT = "dwarf-with-dsym";
				ENABLE_NS_ASSERTIONS = NO;
				ENABLE_STRICT_OBJC_MSGSEND = YES;
				GCC_C_LANGUAGE_STANDARD = gnu11;
				GCC_NO_COMMON_BLOCKS = YES;
				GCC_WARN_64_TO_32_BIT_CONVERSION = YES;
				GCC_WARN_ABOUT_RETURN_TYPE = YES_ERROR;
				GCC_WARN_UNDECLARED_SELECTOR = YES;
				GCC_WARN_UNINITIALIZED_AUTOS = YES_AGGRESSIVE;
				GCC_WARN_UNUSED_FUNCTION = YES;
				GCC_WARN_UNUSED_VARIABLE = YES;
				IPHONEOS_DEPLOYMENT_TARGET = 15.4;
				MTL_ENABLE_DEBUG_INFO = NO;
				MTL_FAST_MATH = YES;
				SDKROOT = iphoneos;
				SWIFT_COMPILATION_MODE = wholemodule;
				SWIFT_OPTIMIZATION_LEVEL = "-O";
				VALIDATE_PRODUCT = YES;
			};
			name = Release;
		};
		55D5861128EEC8EB005DB2DB /* Debug */ = {
			isa = XCBuildConfiguration;
			buildSettings = {
				ASSETCATALOG_COMPILER_APPICON_NAME = AppIcon;
				ASSETCATALOG_COMPILER_GLOBAL_ACCENT_COLOR_NAME = AccentColor;
				CODE_SIGN_STYLE = Automatic;
				CURRENT_PROJECT_VERSION = 1;
				DEVELOPMENT_TEAM = GU5MMAQ8BR;
				GENERATE_INFOPLIST_FILE = YES;
				INFOPLIST_FILE = MiniApp/Info.plist;
				INFOPLIST_KEY_UIApplicationSupportsIndirectInputEvents = YES;
				INFOPLIST_KEY_UILaunchStoryboardName = LaunchScreen;
				INFOPLIST_KEY_UIMainStoryboardFile = Main;
				INFOPLIST_KEY_UISupportedInterfaceOrientations_iPad = "UIInterfaceOrientationPortrait UIInterfaceOrientationPortraitUpsideDown UIInterfaceOrientationLandscapeLeft UIInterfaceOrientationLandscapeRight";
				INFOPLIST_KEY_UISupportedInterfaceOrientations_iPhone = "UIInterfaceOrientationPortrait UIInterfaceOrientationLandscapeLeft UIInterfaceOrientationLandscapeRight";
				LD_RUNPATH_SEARCH_PATHS = (
					"$(inherited)",
					"@executable_path/Frameworks",
				);
				MARKETING_VERSION = 1.0;
				PRODUCT_BUNDLE_IDENTIFIER = VladkaTeam.MiniApp;
				PRODUCT_NAME = "$(TARGET_NAME)";
				SWIFT_EMIT_LOC_STRINGS = YES;
				SWIFT_VERSION = 5.0;
				TARGETED_DEVICE_FAMILY = "1,2";
			};
			name = Debug;
		};
		55D5861228EEC8EB005DB2DB /* Release */ = {
			isa = XCBuildConfiguration;
			buildSettings = {
				ASSETCATALOG_COMPILER_APPICON_NAME = AppIcon;
				ASSETCATALOG_COMPILER_GLOBAL_ACCENT_COLOR_NAME = AccentColor;
				CODE_SIGN_STYLE = Automatic;
				CURRENT_PROJECT_VERSION = 1;
				DEVELOPMENT_TEAM = GU5MMAQ8BR;
				GENERATE_INFOPLIST_FILE = YES;
				INFOPLIST_FILE = MiniApp/Info.plist;
				INFOPLIST_KEY_UIApplicationSupportsIndirectInputEvents = YES;
				INFOPLIST_KEY_UILaunchStoryboardName = LaunchScreen;
				INFOPLIST_KEY_UIMainStoryboardFile = Main;
				INFOPLIST_KEY_UISupportedInterfaceOrientations_iPad = "UIInterfaceOrientationPortrait UIInterfaceOrientationPortraitUpsideDown UIInterfaceOrientationLandscapeLeft UIInterfaceOrientationLandscapeRight";
				INFOPLIST_KEY_UISupportedInterfaceOrientations_iPhone = "UIInterfaceOrientationPortrait UIInterfaceOrientationLandscapeLeft UIInterfaceOrientationLandscapeRight";
				LD_RUNPATH_SEARCH_PATHS = (
					"$(inherited)",
					"@executable_path/Frameworks",
				);
				MARKETING_VERSION = 1.0;
				PRODUCT_BUNDLE_IDENTIFIER = VladkaTeam.MiniApp;
				PRODUCT_NAME = "$(TARGET_NAME)";
				SWIFT_EMIT_LOC_STRINGS = YES;
				SWIFT_VERSION = 5.0;
				TARGETED_DEVICE_FAMILY = "1,2";
			};
			name = Release;
		};
/* End XCBuildConfiguration section */

/* Begin XCConfigurationList section */
		55D585F728EEC8E8005DB2DB /* Build configuration list for PBXProject "MiniApp" */ = {
			isa = XCConfigurationList;
			buildConfigurations = (
				55D5860E28EEC8EB005DB2DB /* Debug */,
				55D5860F28EEC8EB005DB2DB /* Release */,
			);
			defaultConfigurationIsVisible = 0;
			defaultConfigurationName = Release;
		};
		55D5861028EEC8EB005DB2DB /* Build configuration list for PBXNativeTarget "MiniApp" */ = {
			isa = XCConfigurationList;
			buildConfigurations = (
				55D5861128EEC8EB005DB2DB /* Debug */,
				55D5861228EEC8EB005DB2DB /* Release */,
			);
			defaultConfigurationIsVisible = 0;
			defaultConfigurationName = Release;
		};
/* End XCConfigurationList section */
	};
	rootObject = 55D585F428EEC8E8005DB2DB /* Project object */;
}
